
Microsoft Visual Studio Solution File, Format Version 12.00
# Visual Studio Version 16
VisualStudioVersion = 16.0.29806.167
MinimumVisualStudioVersion = 10.0.40219.1
Project("{9A19103F-16F7-4668-BE54-9A1E7A4F7556}") = "IrisStein", "DoomIris\IrisStein.csproj", "{EC62391A-A36F-49EA-B44B-ED2F189B5FB3}"
EndProject
Project("{9A19103F-16F7-4668-BE54-9A1E7A4F7556}") = "Iris", "..\..\..\Documents\GitHub\Iris\Iris\Iris.csproj", "{8E4A2810-6EE3-4150-80C0-F7C281B1071A}"
EndProject
Global
	GlobalSection(SolutionConfigurationPlatforms) = preSolution
		Debug|Any CPU = Debug|Any CPU
		Release|Any CPU = Release|Any CPU
	EndGlobalSection
	GlobalSection(ProjectConfigurationPlatforms) = postSolution
		{EC62391A-A36F-49EA-B44B-ED2F189B5FB3}.Debug|Any CPU.ActiveCfg = Debug|Any CPU
		{EC62391A-A36F-49EA-B44B-ED2F189B5FB3}.Debug|Any CPU.Build.0 = Debug|Any CPU
		{EC62391A-A36F-49EA-B44B-ED2F189B5FB3}.Release|Any CPU.ActiveCfg = Release|Any CPU
		{EC62391A-A36F-49EA-B44B-ED2F189B5FB3}.Release|Any CPU.Build.0 = Release|Any CPU
		{8E4A2810-6EE3-4150-80C0-F7C281B1071A}.Debug|Any CPU.ActiveCfg = Debug|Any CPU
		{8E4A2810-6EE3-4150-80C0-F7C281B1071A}.Debug|Any CPU.Build.0 = Debug|Any CPU
		{8E4A2810-6EE3-4150-80C0-F7C281B1071A}.Release|Any CPU.ActiveCfg = Release|Any CPU
		{8E4A2810-6EE3-4150-80C0-F7C281B1071A}.Release|Any CPU.Build.0 = Release|Any CPU
	EndGlobalSection
	GlobalSection(SolutionProperties) = preSolution
		HideSolutionNode = FALSE
	EndGlobalSection
	GlobalSection(ExtensibilityGlobals) = postSolution
		SolutionGuid = {BFD2A309-A894-49D8-8E04-F848699D9F28}
	EndGlobalSection
EndGlobal
